// !$*UTF8*$!
{
	archiveVersion = 1;
	classes = {
	};
	objectVersion = 48;
	objects = {

/* Begin PBXBuildFile section */
		AEA5A7141F03ED7B000EDEF1 /* AppDelegate.swift in Sources */ = {isa = PBXBuildFile; fileRef = AEA5A7131F03ED7B000EDEF1 /* AppDelegate.swift */; };
		AEA5A7161F03ED7B000EDEF1 /* ScrollViewController.swift in Sources */ = {isa = PBXBuildFile; fileRef = AEA5A7151F03ED7B000EDEF1 /* ScrollViewController.swift */; };
		AEA5A7191F03ED7B000EDEF1 /* Main.storyboard in Resources */ = {isa = PBXBuildFile; fileRef = AEA5A7171F03ED7B000EDEF1 /* Main.storyboard */; };
		AEA5A71B1F03ED7B000EDEF1 /* Assets.xcassets in Resources */ = {isa = PBXBuildFile; fileRef = AEA5A71A1F03ED7B000EDEF1 /* Assets.xcassets */; };
		AEA5A71E1F03ED7B000EDEF1 /* LaunchScreen.storyboard in Resources */ = {isa = PBXBuildFile; fileRef = AEA5A71C1F03ED7B000EDEF1 /* LaunchScreen.storyboard */; };
		AEA5A72A1F03F2AE000EDEF1 /* sample.jpg in Resources */ = {isa = PBXBuildFile; fileRef = AEA5A7291F03EE6F000EDEF1 /* sample.jpg */; };
/* End PBXBuildFile section */

/* Begin PBXFileReference section */
		AEA5A7101F03ED7B000EDEF1 /* Scroll.app */ = {isa = PBXFileReference; explicitFileType = wrapper.application; includeInIndex = 0; path = Scroll.app; sourceTree = BUILT_PRODUCTS_DIR; };
		AEA5A7131F03ED7B000EDEF1 /* AppDelegate.swift */ = {isa = PBXFileReference; lastKnownFileType = sourcecode.swift; path = AppDelegate.swift; sourceTree = "<group>"; };
		AEA5A7151F03ED7B000EDEF1 /* ScrollViewController.swift */ = {isa = PBXFileReference; lastKnownFileType = sourcecode.swift; path = ScrollViewController.swift; sourceTree = "<group>"; };
		AEA5A7181F03ED7B000EDEF1 /* Base */ = {isa = PBXFileReference; lastKnownFileType = file.storyboard; name = Base; path = Base.lproj/Main.storyboard; sourceTree = "<group>"; };
		AEA5A71A1F03ED7B000EDEF1 /* Assets.xcassets */ = {isa = PBXFileReference; lastKnownFileType = folder.assetcatalog; path = Assets.xcassets; sourceTree = "<group>"; };
		AEA5A71D1F03ED7B000EDEF1 /* Base */ = {isa = PBXFileReference; lastKnownFileType = file.storyboard; name = Base; path = Base.lproj/LaunchScreen.storyboard; sourceTree = "<group>"; };
		AEA5A71F1F03ED7B000EDEF1 /* Info.plist */ = {isa = PBXFileReference; lastKnownFileType = text.plist.xml; path = Info.plist; sourceTree = "<group>"; };
		AEA5A7291F03EE6F000EDEF1 /* sample.jpg */ = {isa = PBXFileReference; lastKnownFileType = image.jpeg; path = sample.jpg; sourceTree = "<group>"; };
/* End PBXFileReference section */

/* Begin PBXFrameworksBuildPhase section */
		AEA5A70D1F03ED7B000EDEF1 /* Frameworks */ = {
			isa = PBXFrameworksBuildPhase;
			buildActionMask = 2147483647;
			files = (
			);
			runOnlyForDeploymentPostprocessing = 0;
		};
/* End PBXFrameworksBuildPhase section */

/* Begin PBXGroup section */
		AEA5A7071F03ED7B000EDEF1 = {
			isa = PBXGroup;
			children = (
				AEA5A7121F03ED7B000EDEF1 /* Scroll */,
				AEA5A7111F03ED7B000EDEF1 /* Products */,
			);
			sourceTree = "<group>";
		};
		AEA5A7111F03ED7B000EDEF1 /* Products */ = {
			isa = PBXGroup;
			children = (
				AEA5A7101F03ED7B000EDEF1 /* Scroll.app */,
			);
			name = Products;
			sourceTree = "<group>";
		};
		AEA5A7121F03ED7B000EDEF1 /* Scroll */ = {
			isa = PBXGroup;
			children = (
				AEA5A7131F03ED7B000EDEF1 /* AppDelegate.swift */,
				AEA5A7151F03ED7B000EDEF1 /* ScrollViewController.swift */,
				AEA5A7171F03ED7B000EDEF1 /* Main.storyboard */,
				AEA5A71A1F03ED7B000EDEF1 /* Assets.xcassets */,
				AEA5A71C1F03ED7B000EDEF1 /* LaunchScreen.storyboard */,
				AEA5A71F1F03ED7B000EDEF1 /* Info.plist */,
				AEA5A7291F03EE6F000EDEF1 /* sample.jpg */,
			);
			path = Scroll;
			sourceTree = "<group>";
		};
/* End PBXGroup section */

/* Begin PBXNativeTarget section */
		AEA5A70F1F03ED7B000EDEF1 /* Scroll */ = {
			isa = PBXNativeTarget;
			buildConfigurationList = AEA5A7221F03ED7B000EDEF1 /* Build configuration list for PBXNativeTarget "Scroll" */;
			buildPhases = (
				AEA5A70C1F03ED7B000EDEF1 /* Sources */,
				AEA5A70D1F03ED7B000EDEF1 /* Frameworks */,
				AEA5A70E1F03ED7B000EDEF1 /* Resources */,
			);
			buildRules = (
			);
			dependencies = (
			);
			name = Scroll;
			productName = Scroll;
			productReference = AEA5A7101F03ED7B000EDEF1 /* Scroll.app */;
			productType = "com.apple.product-type.application";
		};
/* End PBXNativeTarget section */

/* Begin PBXProject section */
		AEA5A7081F03ED7B000EDEF1 /* Project object */ = {
			isa = PBXProject;
			attributes = {
				LastSwiftUpdateCheck = 0900;
				LastUpgradeCheck = 1010;
				ORGANIZATIONNAME = Appcid;
				TargetAttributes = {
					AEA5A70F1F03ED7B000EDEF1 = {
						CreatedOnToolsVersion = 9.0;
						LastSwiftMigration = 1010;
						ProvisioningStyle = Manual;
					};
				};
			};
			buildConfigurationList = AEA5A70B1F03ED7B000EDEF1 /* Build configuration list for PBXProject "Scroll" */;
			compatibilityVersion = "Xcode 8.0";
			developmentRegion = en;
			hasScannedForEncodings = 0;
			knownRegions = (
				en,
				Base,
			);
			mainGroup = AEA5A7071F03ED7B000EDEF1;
			productRefGroup = AEA5A7111F03ED7B000EDEF1 /* Products */;
			projectDirPath = "";
			projectRoot = "";
			targets = (
				AEA5A70F1F03ED7B000EDEF1 /* Scroll */,
			);
		};
/* End PBXProject section */

/* Begin PBXResourcesBuildPhase section */
		AEA5A70E1F03ED7B000EDEF1 /* Resources */ = {
			isa = PBXResourcesBuildPhase;
			buildActionMask = 2147483647;
			files = (
				AEA5A71E1F03ED7B000EDEF1 /* LaunchScreen.storyboard in Resources */,
				AEA5A71B1F03ED7B000EDEF1 /* Assets.xcassets in Resources */,
				AEA5A7191F03ED7B000EDEF1 /* Main.storyboard in Resources */,
				AEA5A72A1F03F2AE000EDEF1 /* sample.jpg in Resources */,
			);
			runOnlyForDeploymentPostprocessing = 0;
		};
/* End PBXResourcesBuildPhase section */

/* Begin PBXSourcesBuildPhase section */
		AEA5A70C1F03ED7B000EDEF1 /* Sources */ = {
			isa = PBXSourcesBuildPhase;
			buildActionMask = 2147483647;
			files = (
				AEA5A7161F03ED7B000EDEF1 /* ScrollViewController.swift in Sources */,
				AEA5A7141F03ED7B000EDEF1 /* AppDelegate.swift in Sources */,
			);
			runOnlyForDeploymentPostprocessing = 0;
		};
/* End PBXSourcesBuildPhase section */

/* Begin PBXVariantGroup section */
		AEA5A7171F03ED7B000EDEF1 /* Main.storyboard */ = {
			isa = PBXVariantGroup;
			children = (
				AEA5A7181F03ED7B000EDEF1 /* Base */,
			);
			name = Main.storyboard;
			sourceTree = "<group>";
		};
		AEA5A71C1F03ED7B000EDEF1 /* LaunchScreen.storyboard */ = {
			isa = PBXVariantGroup;
			children = (
				AEA5A71D1F03ED7B000EDEF1 /* Base */,
			);
			name = LaunchScreen.storyboard;
			sourceTree = "<group>";
		};
/* End PBXVariantGroup section */

/* Begin XCBuildConfiguration section */
		AEA5A7201F03ED7B000EDEF1 /* Debug */ = {
			isa = XCBuildConfiguration;
			buildSettings = {
				ALWAYS_SEARCH_USER_PATHS = NO;
				CLANG_ANALYZER_NONNULL = YES;
				CLANG_ANALYZER_NUMBER_OBJECT_CONVERSION = YES_AGGRESSIVE;
				CLANG_CXX_LANGUAGE_STANDARD = "gnu++14";
				CLANG_CXX_LIBRARY = "libc++";
				CLANG_ENABLE_MODULES = YES;
				CLANG_ENABLE_OBJC_ARC = YES;
				CLANG_WARN_BLOCK_CAPTURE_AUTORELEASING = YES;
				CLANG_WARN_BOOL_CONVERSION = YES;
				CLANG_WARN_COMMA = YES;
				CLANG_WARN_CONSTANT_CONVERSION = YES;
				CLANG_WARN_DEPRECATED_OBJC_IMPLEMENTATIONS = YES;
				CLANG_WARN_DIRECT_OBJC_ISA_USAGE = YES_ERROR;
				CLANG_WARN_DOCUMENTATION_COMMENTS = YES;
				CLANG_WARN_EMPTY_BODY = YES;
				CLANG_WARN_ENUM_CONVERSION = YES;
				CLANG_WARN_INFINITE_RECURSION = YES;
				CLANG_WARN_INT_CONVERSION = YES;
				CLANG_WARN_NON_LITERAL_NULL_CONVERSION = YES;
				CLANG_WARN_OBJC_IMPLICIT_RETAIN_SELF = YES;
				CLANG_WARN_OBJC_LITERAL_CONVERSION = YES;
				CLANG_WARN_OBJC_ROOT_CLASS = YES_ERROR;
				CLANG_WARN_RANGE_LOOP_ANALYSIS = YES;
				CLANG_WARN_STRICT_PROTOTYPES = YES;
				CLANG_WARN_SUSPICIOUS_MOVE = YES;
				CLANG_WARN_UNGUARDED_AVAILABILITY = YES_AGGRESSIVE;
				CLANG_WARN_UNREACHABLE_CODE = YES;
				CLANG_WARN__DUPLICATE_METHOD_MATCH = YES;
				CODE_SIGN_IDENTITY = "iPhone Developer";
				COPY_PHASE_STRIP = NO;
				DEBUG_INFORMATION_FORMAT = dwarf;
				ENABLE_STRICT_OBJC_MSGSEND = YES;
				ENABLE_TESTABILITY = YES;
				GCC_C_LANGUAGE_STANDARD = gnu11;
				GCC_DYNAMIC_NO_PIC = NO;
				GCC_NO_COMMON_BLOCKS = YES;
				GCC_OPTIMIZATION_LEVEL = 0;
				GCC_PREPROCESSOR_DEFINITIONS = (
					"DEBUG=1",
					"$(inherited)",
				);
				GCC_WARN_64_TO_32_BIT_CONVERSION = YES;
				GCC_WARN_ABOUT_RETURN_TYPE = YES_ERROR;
				GCC_WARN_UNDECLARED_SELECTOR = YES;
				GCC_WARN_UNINITIALIZED_AUTOS = YES_AGGRESSIVE;
				GCC_WARN_UNUSED_FUNCTION = YES;
				GCC_WARN_UNUSED_VARIABLE = YES;
				IPHONEOS_DEPLOYMENT_TARGET = 11.0;
				MTL_ENABLE_DEBUG_INFO = YES;
				ONLY_ACTIVE_ARCH = YES;
				SDKROOT = iphoneos;
				SWIFT_ACTIVE_COMPILATION_CONDITIONS = DEBUG;
				SWIFT_OPTIMIZATION_LEVEL = "-Onone";
			};
			name = Debug;
		};
		AEA5A7211F03ED7B000EDEF1 /* Release */ = {
			isa = XCBuildConfiguration;
			buildSettings = {
				ALWAYS_SEARCH_USER_PATHS = NO;
				CLANG_ANALYZER_NONNULL = YES;
				CLANG_ANALYZER_NUMBER_OBJECT_CONVERSION = YES_AGGRESSIVE;
				CLANG_CXX_LANGUAGE_STANDARD = "gnu++14";
				CLANG_CXX_LIBRARY = "libc++";
				CLANG_ENABLE_MODULES = YES;
				CLANG_ENABLE_OBJC_ARC = YES;
				CLANG_WARN_BLOCK_CAPTURE_AUTORELEASING = YES;
				CLANG_WARN_BOOL_CONVERSION = YES;
				CLANG_WARN_COMMA = YES;
				CLANG_WARN_CONSTANT_CONVERSION = YES;
				CLANG_WARN_DEPRECATED_OBJC_IMPLEMENTATIONS = YES;
				CLANG_WARN_DIRECT_OBJC_ISA_USAGE = YES_ERROR;
				CLANG_WARN_DOCUMENTATION_COMMENTS = YES;
				CLANG_WARN_EMPTY_BODY = YES;
				CLANG_WARN_ENUM_CONVERSION = YES;
				CLANG_WARN_INFINITE_RECURSION = YES;
				CLANG_WARN_INT_CONVERSION = YES;
				CLANG_WARN_NON_LITERAL_NULL_CONVERSION = YES;
				CLANG_WARN_OBJC_IMPLICIT_RETAIN_SELF = YES;
				CLANG_WARN_OBJC_LITERAL_CONVERSION = YES;
				CLANG_WARN_OBJC_ROOT_CLASS = YES_ERROR;
				CLANG_WARN_RANGE_LOOP_ANALYSIS = YES;
				CLANG_WARN_STRICT_PROTOTYPES = YES;
				CLANG_WARN_SUSPICIOUS_MOVE = YES;
				CLANG_WARN_UNGUARDED_AVAILABILITY = YES_AGGRESSIVE;
				CLANG_WARN_UNREACHABLE_CODE = YES;
				CLANG_WARN__DUPLICATE_METHOD_MATCH = YES;
				CODE_SIGN_IDENTITY = "iPhone Developer";
				COPY_PHASE_STRIP = NO;
				DEBUG_INFORMATION_FORMAT = "dwarf-with-dsym";
				ENABLE_NS_ASSERTIONS = NO;
				ENABLE_STRICT_OBJC_MSGSEND = YES;
				GCC_C_LANGUAGE_STANDARD = gnu11;
				GCC_NO_COMMON_BLOCKS = YES;
				GCC_WARN_64_TO_32_BIT_CONVERSION = YES;
				GCC_WARN_ABOUT_RETURN_TYPE = YES_ERROR;
				GCC_WARN_UNDECLARED_SELECTOR = YES;
				GCC_WARN_UNINITIALIZED_AUTOS = YES_AGGRESSIVE;
				GCC_WARN_UNUSED_FUNCTION = YES;
				GCC_WARN_UNUSED_VARIABLE = YES;
				IPHONEOS_DEPLOYMENT_TARGET = 11.0;
				MTL_ENABLE_DEBUG_INFO = NO;
				SDKROOT = iphoneos;
				SWIFT_OPTIMIZATION_LEVEL = "-Owholemodule";
				VALIDATE_PRODUCT = YES;
			};
			name = Release;
		};
		AEA5A7231F03ED7B000EDEF1 /* Debug */ = {
			isa = XCBuildConfiguration;
			buildSettings = {
				ASSETCATALOG_COMPILER_APPICON_NAME = AppIcon;
				CODE_SIGN_STYLE = Manual;
				DEVELOPMENT_TEAM = EP53X3H2P3;
				INFOPLIST_FILE = Scroll/Info.plist;
				LD_RUNPATH_SEARCH_PATHS = "$(inherited) @executable_path/Frameworks";
				PRODUCT_BUNDLE_IDENTIFIER = com.appcid.Scroll;
				PRODUCT_NAME = "$(TARGET_NAME)";
				PROVISIONING_PROFILE = "15c6a360-15a0-41b8-b6bf-a27508f87955";
				PROVISIONING_PROFILE_SPECIFIER = AppcidWildcard;
				SWIFT_VERSION = 4.2;
				TARGETED_DEVICE_FAMILY = "1,2";
			};
			name = Debug;
		};
		AEA5A7241F03ED7B000EDEF1 /* Release */ = {
			isa = XCBuildConfiguration;
			buildSettings = {
				ASSETCATALOG_COMPILER_APPICON_NAME = AppIcon;
				CODE_SIGN_STYLE = Manual;
				DEVELOPMENT_TEAM = "";
				INFOPLIST_FILE = Scroll/Info.plist;
				LD_RUNPATH_SEARCH_PATHS = "$(inherited) @executable_path/Frameworks";
				PRODUCT_BUNDLE_IDENTIFIER = com.appcid.Scroll;
				PRODUCT_NAME = "$(TARGET_NAME)";
				PROVISIONING_PROFILE_SPECIFIER = "";
				SWIFT_VERSION = 4.2;
				TARGETED_DEVICE_FAMILY = "1,2";
			};
			name = Release;
		};
/* End XCBuildConfiguration section */

/* Begin XCConfigurationList section */
		AEA5A70B1F03ED7B000EDEF1 /* Build configuration list for PBXProject "Scroll" */ = {
			isa = XCConfigurationList;
			buildConfigurations = (
				AEA5A7201F03ED7B000EDEF1 /* Debug */,
				AEA5A7211F03ED7B000EDEF1 /* Release */,
			);
			defaultConfigurationIsVisible = 0;
			defaultConfigurationName = Release;
		};
		AEA5A7221F03ED7B000EDEF1 /* Build configuration list for PBXNativeTarget "Scroll" */ = {
			isa = XCConfigurationList;
			buildConfigurations = (
				AEA5A7231F03ED7B000EDEF1 /* Debug */,
				AEA5A7241F03ED7B000EDEF1 /* Release */,
			);
			defaultConfigurationIsVisible = 0;
			defaultConfigurationName = Release;
		};
/* End XCConfigurationList section */
	};
	rootObject = AEA5A7081F03ED7B000EDEF1 /* Project object */;
}
